
Microsoft Visual Studio Solution File, Format Version 12.00
# Visual Studio Version 16
VisualStudioVersion = 16.0.29001.49
MinimumVisualStudioVersion = 10.0.40219.1
Project("{FAE04EC0-301F-11D3-BF4B-00C04F79EFBC}") = "Newsportal", "Newsportal\Newsportal.csproj", "{35E0A50D-DDD7-4CCF-8735-60C7D2BDBE19}"
EndProject
Global
	GlobalSection(SolutionConfigurationPlatforms) = preSolution
		Debug|Any CPU = Debug|Any CPU
		Release|Any CPU = Release|Any CPU
	EndGlobalSection
	GlobalSection(ProjectConfigurationPlatforms) = postSolution
		{35E0A50D-DDD7-4CCF-8735-60C7D2BDBE19}.Debug|Any CPU.ActiveCfg = Debug|Any CPU
		{35E0A50D-DDD7-4CCF-8735-60C7D2BDBE19}.Debug|Any CPU.Build.0 = Debug|Any CPU
		{35E0A50D-DDD7-4CCF-8735-60C7D2BDBE19}.Release|Any CPU.ActiveCfg = Release|Any CPU
		{35E0A50D-DDD7-4CCF-8735-60C7D2BDBE19}.Release|Any CPU.Build.0 = Release|Any CPU
	EndGlobalSection
	GlobalSection(SolutionProperties) = preSolution
		HideSolutionNode = FALSE
	EndGlobalSection
	GlobalSection(ExtensibilityGlobals) = postSolution
		SolutionGuid = {AB7B91EF-C27C-4934-AA61-7B07F48E40C8}
	EndGlobalSection
EndGlobal
